// !$*UTF8*$!
{
	archiveVersion = 1;
	classes = {
	};
	objectVersion = 51;
	objects = {

/* Begin PBXBuildFile section */
		4E6864D826A96638003DD5A8 /* AppDelegate.swift in Sources */ = {isa = PBXBuildFile; fileRef = 4E6864D726A96638003DD5A8 /* AppDelegate.swift */; };
		4E6864DA26A96638003DD5A8 /* SceneDelegate.swift in Sources */ = {isa = PBXBuildFile; fileRef = 4E6864D926A96638003DD5A8 /* SceneDelegate.swift */; };
		4E6864DC26A96638003DD5A8 /* ViewController.swift in Sources */ = {isa = PBXBuildFile; fileRef = 4E6864DB26A96638003DD5A8 /* ViewController.swift */; };
		4E6864DF26A96638003DD5A8 /* Main.storyboard in Resources */ = {isa = PBXBuildFile; fileRef = 4E6864DD26A96638003DD5A8 /* Main.storyboard */; };
		4E6864E126A96639003DD5A8 /* Assets.xcassets in Resources */ = {isa = PBXBuildFile; fileRef = 4E6864E026A96639003DD5A8 /* Assets.xcassets */; };
		4E6864E426A96639003DD5A8 /* LaunchScreen.storyboard in Resources */ = {isa = PBXBuildFile; fileRef = 4E6864E226A96639003DD5A8 /* LaunchScreen.storyboard */; };
		4E6864F726A96F92003DD5A8 /* ScreenOneViewController.swift in Sources */ = {isa = PBXBuildFile; fileRef = 4E6864F526A96F92003DD5A8 /* ScreenOneViewController.swift */; };
		4E6864F826A96F92003DD5A8 /* ScreenOneViewController.xib in Resources */ = {isa = PBXBuildFile; fileRef = 4E6864F626A96F92003DD5A8 /* ScreenOneViewController.xib */; };
		4E6864FA26A96FAE003DD5A8 /* ScreenOneViewModel.swift in Sources */ = {isa = PBXBuildFile; fileRef = 4E6864F926A96FAE003DD5A8 /* ScreenOneViewModel.swift */; };
		4E6864FC26A98979003DD5A8 /* Weather.swift in Sources */ = {isa = PBXBuildFile; fileRef = 4E6864FB26A98979003DD5A8 /* Weather.swift */; };
		4E6864FE26A98BBA003DD5A8 /* Repository.swift in Sources */ = {isa = PBXBuildFile; fileRef = 4E6864FD26A98BBA003DD5A8 /* Repository.swift */; };
		4E68650026A98C72003DD5A8 /* RepositoryImplementation.swift in Sources */ = {isa = PBXBuildFile; fileRef = 4E6864FF26A98C72003DD5A8 /* RepositoryImplementation.swift */; };
		4E68650626A99CC3003DD5A8 /* Router.swift in Sources */ = {isa = PBXBuildFile; fileRef = 4E68650526A99CC3003DD5A8 /* Router.swift */; };
		4E68650826A99CDB003DD5A8 /* AlamofireDataSource.swift in Sources */ = {isa = PBXBuildFile; fileRef = 4E68650726A99CDB003DD5A8 /* AlamofireDataSource.swift */; };
		4E68650A26A9A894003DD5A8 /* RemoteDataSource.swift in Sources */ = {isa = PBXBuildFile; fileRef = 4E68650926A9A894003DD5A8 /* RemoteDataSource.swift */; };
		4E68650F26A9B3D8003DD5A8 /* ScreenTwoViewModel.swift in Sources */ = {isa = PBXBuildFile; fileRef = 4E68650E26A9B3D8003DD5A8 /* ScreenTwoViewModel.swift */; };
		4E68651226A9B3ED003DD5A8 /* ScreenTwoViewController.swift in Sources */ = {isa = PBXBuildFile; fileRef = 4E68651026A9B3ED003DD5A8 /* ScreenTwoViewController.swift */; };
		4E68651326A9B3ED003DD5A8 /* ScreenTwoViewController.xib in Resources */ = {isa = PBXBuildFile; fileRef = 4E68651126A9B3ED003DD5A8 /* ScreenTwoViewController.xib */; };
		4E68651726A9B533003DD5A8 /* CellViewController.swift in Sources */ = {isa = PBXBuildFile; fileRef = 4E68651526A9B533003DD5A8 /* CellViewController.swift */; };
		4E68651826A9B533003DD5A8 /* CellViewController.xib in Resources */ = {isa = PBXBuildFile; fileRef = 4E68651626A9B533003DD5A8 /* CellViewController.xib */; };
		54F454F9F71A2262884CE20D /* Pods_Airvironment.framework in Frameworks */ = {isa = PBXBuildFile; fileRef = 200150C86B8740086C53FA3F /* Pods_Airvironment.framework */; };
/* End PBXBuildFile section */

/* Begin PBXFileReference section */
		200150C86B8740086C53FA3F /* Pods_Airvironment.framework */ = {isa = PBXFileReference; explicitFileType = wrapper.framework; includeInIndex = 0; path = Pods_Airvironment.framework; sourceTree = BUILT_PRODUCTS_DIR; };
		4E6864D426A96638003DD5A8 /* Airvironment.app */ = {isa = PBXFileReference; explicitFileType = wrapper.application; includeInIndex = 0; path = Airvironment.app; sourceTree = BUILT_PRODUCTS_DIR; };
		4E6864D726A96638003DD5A8 /* AppDelegate.swift */ = {isa = PBXFileReference; lastKnownFileType = sourcecode.swift; path = AppDelegate.swift; sourceTree = "<group>"; };
		4E6864D926A96638003DD5A8 /* SceneDelegate.swift */ = {isa = PBXFileReference; lastKnownFileType = sourcecode.swift; path = SceneDelegate.swift; sourceTree = "<group>"; };
		4E6864DB26A96638003DD5A8 /* ViewController.swift */ = {isa = PBXFileReference; lastKnownFileType = sourcecode.swift; path = ViewController.swift; sourceTree = "<group>"; };
		4E6864DE26A96638003DD5A8 /* Base */ = {isa = PBXFileReference; lastKnownFileType = file.storyboard; name = Base; path = Base.lproj/Main.storyboard; sourceTree = "<group>"; };
		4E6864E026A96639003DD5A8 /* Assets.xcassets */ = {isa = PBXFileReference; lastKnownFileType = folder.assetcatalog; path = Assets.xcassets; sourceTree = "<group>"; };
		4E6864E326A96639003DD5A8 /* Base */ = {isa = PBXFileReference; lastKnownFileType = file.storyboard; name = Base; path = Base.lproj/LaunchScreen.storyboard; sourceTree = "<group>"; };
		4E6864E526A96639003DD5A8 /* Info.plist */ = {isa = PBXFileReference; lastKnownFileType = text.plist.xml; path = Info.plist; sourceTree = "<group>"; };
		4E6864F526A96F92003DD5A8 /* ScreenOneViewController.swift */ = {isa = PBXFileReference; lastKnownFileType = sourcecode.swift; path = ScreenOneViewController.swift; sourceTree = "<group>"; };
		4E6864F626A96F92003DD5A8 /* ScreenOneViewController.xib */ = {isa = PBXFileReference; lastKnownFileType = file.xib; path = ScreenOneViewController.xib; sourceTree = "<group>"; };
		4E6864F926A96FAE003DD5A8 /* ScreenOneViewModel.swift */ = {isa = PBXFileReference; lastKnownFileType = sourcecode.swift; path = ScreenOneViewModel.swift; sourceTree = "<group>"; };
		4E6864FB26A98979003DD5A8 /* Weather.swift */ = {isa = PBXFileReference; lastKnownFileType = sourcecode.swift; path = Weather.swift; sourceTree = "<group>"; };
		4E6864FD26A98BBA003DD5A8 /* Repository.swift */ = {isa = PBXFileReference; lastKnownFileType = sourcecode.swift; path = Repository.swift; sourceTree = "<group>"; };
		4E6864FF26A98C72003DD5A8 /* RepositoryImplementation.swift */ = {isa = PBXFileReference; lastKnownFileType = sourcecode.swift; path = RepositoryImplementation.swift; sourceTree = "<group>"; };
		4E68650526A99CC3003DD5A8 /* Router.swift */ = {isa = PBXFileReference; lastKnownFileType = sourcecode.swift; path = Router.swift; sourceTree = "<group>"; };
		4E68650726A99CDB003DD5A8 /* AlamofireDataSource.swift */ = {isa = PBXFileReference; lastKnownFileType = sourcecode.swift; path = AlamofireDataSource.swift; sourceTree = "<group>"; };
		4E68650926A9A894003DD5A8 /* RemoteDataSource.swift */ = {isa = PBXFileReference; lastKnownFileType = sourcecode.swift; path = RemoteDataSource.swift; sourceTree = "<group>"; };
		4E68650E26A9B3D8003DD5A8 /* ScreenTwoViewModel.swift */ = {isa = PBXFileReference; lastKnownFileType = sourcecode.swift; path = ScreenTwoViewModel.swift; sourceTree = "<group>"; };
		4E68651026A9B3ED003DD5A8 /* ScreenTwoViewController.swift */ = {isa = PBXFileReference; lastKnownFileType = sourcecode.swift; path = ScreenTwoViewController.swift; sourceTree = "<group>"; };
		4E68651126A9B3ED003DD5A8 /* ScreenTwoViewController.xib */ = {isa = PBXFileReference; lastKnownFileType = file.xib; path = ScreenTwoViewController.xib; sourceTree = "<group>"; };
		4E68651526A9B533003DD5A8 /* CellViewController.swift */ = {isa = PBXFileReference; lastKnownFileType = sourcecode.swift; path = CellViewController.swift; sourceTree = "<group>"; };
		4E68651626A9B533003DD5A8 /* CellViewController.xib */ = {isa = PBXFileReference; lastKnownFileType = file.xib; path = CellViewController.xib; sourceTree = "<group>"; };
		53349AACC017A7BE0BAF0E40 /* Pods-Airvironment.debug.xcconfig */ = {isa = PBXFileReference; includeInIndex = 1; lastKnownFileType = text.xcconfig; name = "Pods-Airvironment.debug.xcconfig"; path = "Target Support Files/Pods-Airvironment/Pods-Airvironment.debug.xcconfig"; sourceTree = "<group>"; };
		9E06D5912D6313B560303BC9 /* Pods-Airvironment.release.xcconfig */ = {isa = PBXFileReference; includeInIndex = 1; lastKnownFileType = text.xcconfig; name = "Pods-Airvironment.release.xcconfig"; path = "Target Support Files/Pods-Airvironment/Pods-Airvironment.release.xcconfig"; sourceTree = "<group>"; };
/* End PBXFileReference section */

/* Begin PBXFrameworksBuildPhase section */
		4E6864D126A96638003DD5A8 /* Frameworks */ = {
			isa = PBXFrameworksBuildPhase;
			buildActionMask = 2147483647;
			files = (
				54F454F9F71A2262884CE20D /* Pods_Airvironment.framework in Frameworks */,
			);
			runOnlyForDeploymentPostprocessing = 0;
		};
/* End PBXFrameworksBuildPhase section */

/* Begin PBXGroup section */
		131062FA8B30AAB8CD2978B5 /* Pods */ = {
			isa = PBXGroup;
			children = (
				53349AACC017A7BE0BAF0E40 /* Pods-Airvironment.debug.xcconfig */,
				9E06D5912D6313B560303BC9 /* Pods-Airvironment.release.xcconfig */,
			);
			path = Pods;
			sourceTree = "<group>";
		};
		4E6864CB26A96638003DD5A8 = {
			isa = PBXGroup;
			children = (
				4E6864D626A96638003DD5A8 /* Airvironment */,
				4E6864D526A96638003DD5A8 /* Products */,
				131062FA8B30AAB8CD2978B5 /* Pods */,
				F12CA7E40C81E84A02673486 /* Frameworks */,
			);
			sourceTree = "<group>";
		};
		4E6864D526A96638003DD5A8 /* Products */ = {
			isa = PBXGroup;
			children = (
				4E6864D426A96638003DD5A8 /* Airvironment.app */,
			);
			name = Products;
			sourceTree = "<group>";
		};
		4E6864D626A96638003DD5A8 /* Airvironment */ = {
			isa = PBXGroup;
			children = (
				4E6864F026A96D3B003DD5A8 /* Features */,
				4E6864EE26A96CCB003DD5A8 /* Repository */,
				4E6864EB26A96C95003DD5A8 /* RemoveDataSource */,
				4E6864D726A96638003DD5A8 /* AppDelegate.swift */,
				4E6864D926A96638003DD5A8 /* SceneDelegate.swift */,
				4E6864DB26A96638003DD5A8 /* ViewController.swift */,
				4E6864DD26A96638003DD5A8 /* Main.storyboard */,
				4E6864E026A96639003DD5A8 /* Assets.xcassets */,
				4E6864E226A96639003DD5A8 /* LaunchScreen.storyboard */,
				4E6864E526A96639003DD5A8 /* Info.plist */,
			);
			path = Airvironment;
			sourceTree = "<group>";
		};
		4E6864EB26A96C95003DD5A8 /* RemoveDataSource */ = {
			isa = PBXGroup;
			children = (
				4E6864ED26A96CBD003DD5A8 /* Models */,
				4E6864EC26A96CA4003DD5A8 /* AlamofireDataSource */,
				4E68650926A9A894003DD5A8 /* RemoteDataSource.swift */,
			);
			path = RemoveDataSource;
			sourceTree = "<group>";
		};
		4E6864EC26A96CA4003DD5A8 /* AlamofireDataSource */ = {
			isa = PBXGroup;
			children = (
				4E68650526A99CC3003DD5A8 /* Router.swift */,
				4E68650726A99CDB003DD5A8 /* AlamofireDataSource.swift */,
			);
			path = AlamofireDataSource;
			sourceTree = "<group>";
		};
		4E6864ED26A96CBD003DD5A8 /* Models */ = {
			isa = PBXGroup;
			children = (
				4E6864FB26A98979003DD5A8 /* Weather.swift */,
			);
			path = Models;
			sourceTree = "<group>";
		};
		4E6864EE26A96CCB003DD5A8 /* Repository */ = {
			isa = PBXGroup;
			children = (
				4E6864FD26A98BBA003DD5A8 /* Repository.swift */,
				4E6864EF26A96CE1003DD5A8 /* RepositoryImplementation */,
			);
			path = Repository;
			sourceTree = "<group>";
		};
		4E6864EF26A96CE1003DD5A8 /* RepositoryImplementation */ = {
			isa = PBXGroup;
			children = (
				4E6864FF26A98C72003DD5A8 /* RepositoryImplementation.swift */,
			);
			path = RepositoryImplementation;
			sourceTree = "<group>";
		};
		4E6864F026A96D3B003DD5A8 /* Features */ = {
			isa = PBXGroup;
			children = (
				4E6864F226A96DED003DD5A8 /* ScreenTwo */,
				4E6864F126A96DA0003DD5A8 /* ScreenOne */,
			);
			path = Features;
			sourceTree = "<group>";
		};
		4E6864F126A96DA0003DD5A8 /* ScreenOne */ = {
			isa = PBXGroup;
			children = (
				4E6864F426A96F46003DD5A8 /* ViewModel */,
				4E6864F326A96F1C003DD5A8 /* View */,
			);
			path = ScreenOne;
			sourceTree = "<group>";
		};
		4E6864F226A96DED003DD5A8 /* ScreenTwo */ = {
			isa = PBXGroup;
			children = (
				4E68651426A9B51C003DD5A8 /* Cell */,
				4E68650D26A9B3BB003DD5A8 /* ViewModel */,
				4E68650C26A9AE3E003DD5A8 /* View */,
			);
			path = ScreenTwo;
			sourceTree = "<group>";
		};
		4E6864F326A96F1C003DD5A8 /* View */ = {
			isa = PBXGroup;
			children = (
				4E6864F526A96F92003DD5A8 /* ScreenOneViewController.swift */,
				4E6864F626A96F92003DD5A8 /* ScreenOneViewController.xib */,
			);
			path = View;
			sourceTree = "<group>";
		};
		4E6864F426A96F46003DD5A8 /* ViewModel */ = {
			isa = PBXGroup;
			children = (
				4E6864F926A96FAE003DD5A8 /* ScreenOneViewModel.swift */,
			);
			path = ViewModel;
			sourceTree = "<group>";
		};
		4E68650C26A9AE3E003DD5A8 /* View */ = {
			isa = PBXGroup;
			children = (
				4E68651026A9B3ED003DD5A8 /* ScreenTwoViewController.swift */,
				4E68651126A9B3ED003DD5A8 /* ScreenTwoViewController.xib */,
			);
			path = View;
			sourceTree = "<group>";
		};
		4E68650D26A9B3BB003DD5A8 /* ViewModel */ = {
			isa = PBXGroup;
			children = (
				4E68650E26A9B3D8003DD5A8 /* ScreenTwoViewModel.swift */,
			);
			path = ViewModel;
			sourceTree = "<group>";
		};
		4E68651426A9B51C003DD5A8 /* Cell */ = {
			isa = PBXGroup;
			children = (
				4E68651526A9B533003DD5A8 /* CellViewController.swift */,
				4E68651626A9B533003DD5A8 /* CellViewController.xib */,
			);
			path = Cell;
			sourceTree = "<group>";
		};
		F12CA7E40C81E84A02673486 /* Frameworks */ = {
			isa = PBXGroup;
			children = (
				200150C86B8740086C53FA3F /* Pods_Airvironment.framework */,
			);
			name = Frameworks;
			sourceTree = "<group>";
		};
/* End PBXGroup section */

/* Begin PBXNativeTarget section */
		4E6864D326A96638003DD5A8 /* Airvironment */ = {
			isa = PBXNativeTarget;
			buildConfigurationList = 4E6864E826A96639003DD5A8 /* Build configuration list for PBXNativeTarget "Airvironment" */;
			buildPhases = (
				867EC425D5894D9A582C2E92 /* [CP] Check Pods Manifest.lock */,
				4E6864D026A96638003DD5A8 /* Sources */,
				4E6864D126A96638003DD5A8 /* Frameworks */,
				4E6864D226A96638003DD5A8 /* Resources */,
				1A46679EC519A840C6CDD166 /* [CP] Embed Pods Frameworks */,
			);
			buildRules = (
			);
			dependencies = (
			);
			name = Airvironment;
			productName = Airvironment;
			productReference = 4E6864D426A96638003DD5A8 /* Airvironment.app */;
			productType = "com.apple.product-type.application";
		};
/* End PBXNativeTarget section */

/* Begin PBXProject section */
		4E6864CC26A96638003DD5A8 /* Project object */ = {
			isa = PBXProject;
			attributes = {
				LastSwiftUpdateCheck = 1250;
				LastUpgradeCheck = 1250;
				TargetAttributes = {
					4E6864D326A96638003DD5A8 = {
						CreatedOnToolsVersion = 12.5.1;
					};
				};
			};
			buildConfigurationList = 4E6864CF26A96638003DD5A8 /* Build configuration list for PBXProject "Airvironment" */;
			compatibilityVersion = "Xcode 9.3";
			developmentRegion = en;
			hasScannedForEncodings = 0;
			knownRegions = (
				en,
				Base,
			);
			mainGroup = 4E6864CB26A96638003DD5A8;
			productRefGroup = 4E6864D526A96638003DD5A8 /* Products */;
			projectDirPath = "";
			projectRoot = "";
			targets = (
				4E6864D326A96638003DD5A8 /* Airvironment */,
			);
		};
/* End PBXProject section */

/* Begin PBXResourcesBuildPhase section */
		4E6864D226A96638003DD5A8 /* Resources */ = {
			isa = PBXResourcesBuildPhase;
			buildActionMask = 2147483647;
			files = (
				4E6864E426A96639003DD5A8 /* LaunchScreen.storyboard in Resources */,
				4E6864F826A96F92003DD5A8 /* ScreenOneViewController.xib in Resources */,
				4E68651826A9B533003DD5A8 /* CellViewController.xib in Resources */,
				4E68651326A9B3ED003DD5A8 /* ScreenTwoViewController.xib in Resources */,
				4E6864E126A96639003DD5A8 /* Assets.xcassets in Resources */,
				4E6864DF26A96638003DD5A8 /* Main.storyboard in Resources */,
			);
			runOnlyForDeploymentPostprocessing = 0;
		};
/* End PBXResourcesBuildPhase section */

/* Begin PBXShellScriptBuildPhase section */
		1A46679EC519A840C6CDD166 /* [CP] Embed Pods Frameworks */ = {
			isa = PBXShellScriptBuildPhase;
			buildActionMask = 2147483647;
			files = (
			);
			inputFileListPaths = (
				"${PODS_ROOT}/Target Support Files/Pods-Airvironment/Pods-Airvironment-frameworks-${CONFIGURATION}-input-files.xcfilelist",
			);
			name = "[CP] Embed Pods Frameworks";
			outputFileListPaths = (
				"${PODS_ROOT}/Target Support Files/Pods-Airvironment/Pods-Airvironment-frameworks-${CONFIGURATION}-output-files.xcfilelist",
			);
			runOnlyForDeploymentPostprocessing = 0;
			shellPath = /bin/sh;
			shellScript = "\"${PODS_ROOT}/Target Support Files/Pods-Airvironment/Pods-Airvironment-frameworks.sh\"\n";
			showEnvVarsInLog = 0;
		};
		867EC425D5894D9A582C2E92 /* [CP] Check Pods Manifest.lock */ = {
			isa = PBXShellScriptBuildPhase;
			buildActionMask = 2147483647;
			files = (
			);
			inputFileListPaths = (
			);
			inputPaths = (
				"${PODS_PODFILE_DIR_PATH}/Podfile.lock",
				"${PODS_ROOT}/Manifest.lock",
			);
			name = "[CP] Check Pods Manifest.lock";
			outputFileListPaths = (
			);
			outputPaths = (
				"$(DERIVED_FILE_DIR)/Pods-Airvironment-checkManifestLockResult.txt",
			);
			runOnlyForDeploymentPostprocessing = 0;
			shellPath = /bin/sh;
			shellScript = "diff \"${PODS_PODFILE_DIR_PATH}/Podfile.lock\" \"${PODS_ROOT}/Manifest.lock\" > /dev/null\nif [ $? != 0 ] ; then\n    # print error to STDERR\n    echo \"error: The sandbox is not in sync with the Podfile.lock. Run 'pod install' or update your CocoaPods installation.\" >&2\n    exit 1\nfi\n# This output is used by Xcode 'outputs' to avoid re-running this script phase.\necho \"SUCCESS\" > \"${SCRIPT_OUTPUT_FILE_0}\"\n";
			showEnvVarsInLog = 0;
		};
/* End PBXShellScriptBuildPhase section */

/* Begin PBXSourcesBuildPhase section */
		4E6864D026A96638003DD5A8 /* Sources */ = {
			isa = PBXSourcesBuildPhase;
			buildActionMask = 2147483647;
			files = (
				4E68651726A9B533003DD5A8 /* CellViewController.swift in Sources */,
				4E68650626A99CC3003DD5A8 /* Router.swift in Sources */,
				4E6864FE26A98BBA003DD5A8 /* Repository.swift in Sources */,
				4E68650A26A9A894003DD5A8 /* RemoteDataSource.swift in Sources */,
				4E6864FA26A96FAE003DD5A8 /* ScreenOneViewModel.swift in Sources */,
				4E68650826A99CDB003DD5A8 /* AlamofireDataSource.swift in Sources */,
				4E68650F26A9B3D8003DD5A8 /* ScreenTwoViewModel.swift in Sources */,
				4E6864DC26A96638003DD5A8 /* ViewController.swift in Sources */,
				4E6864F726A96F92003DD5A8 /* ScreenOneViewController.swift in Sources */,
				4E6864D826A96638003DD5A8 /* AppDelegate.swift in Sources */,
				4E6864FC26A98979003DD5A8 /* Weather.swift in Sources */,
				4E6864DA26A96638003DD5A8 /* SceneDelegate.swift in Sources */,
				4E68651226A9B3ED003DD5A8 /* ScreenTwoViewController.swift in Sources */,
				4E68650026A98C72003DD5A8 /* RepositoryImplementation.swift in Sources */,
			);
			runOnlyForDeploymentPostprocessing = 0;
		};
/* End PBXSourcesBuildPhase section */

/* Begin PBXVariantGroup section */
		4E6864DD26A96638003DD5A8 /* Main.storyboard */ = {
			isa = PBXVariantGroup;
			children = (
				4E6864DE26A96638003DD5A8 /* Base */,
			);
			name = Main.storyboard;
			sourceTree = "<group>";
		};
		4E6864E226A96639003DD5A8 /* LaunchScreen.storyboard */ = {
			isa = PBXVariantGroup;
			children = (
				4E6864E326A96639003DD5A8 /* Base */,
			);
			name = LaunchScreen.storyboard;
			sourceTree = "<group>";
		};
/* End PBXVariantGroup section */

/* Begin XCBuildConfiguration section */
		4E6864E626A96639003DD5A8 /* Debug */ = {
			isa = XCBuildConfiguration;
			buildSettings = {
				ALWAYS_SEARCH_USER_PATHS = NO;
				CLANG_ANALYZER_NONNULL = YES;
				CLANG_ANALYZER_NUMBER_OBJECT_CONVERSION = YES_AGGRESSIVE;
				CLANG_CXX_LANGUAGE_STANDARD = "gnu++14";
				CLANG_CXX_LIBRARY = "libc++";
				CLANG_ENABLE_MODULES = YES;
				CLANG_ENABLE_OBJC_ARC = YES;
				CLANG_ENABLE_OBJC_WEAK = YES;
				CLANG_WARN_BLOCK_CAPTURE_AUTORELEASING = YES;
				CLANG_WARN_BOOL_CONVERSION = YES;
				CLANG_WARN_COMMA = YES;
				CLANG_WARN_CONSTANT_CONVERSION = YES;
				CLANG_WARN_DEPRECATED_OBJC_IMPLEMENTATIONS = YES;
				CLANG_WARN_DIRECT_OBJC_ISA_USAGE = YES_ERROR;
				CLANG_WARN_DOCUMENTATION_COMMENTS = YES;
				CLANG_WARN_EMPTY_BODY = YES;
				CLANG_WARN_ENUM_CONVERSION = YES;
				CLANG_WARN_INFINITE_RECURSION = YES;
				CLANG_WARN_INT_CONVERSION = YES;
				CLANG_WARN_NON_LITERAL_NULL_CONVERSION = YES;
				CLANG_WARN_OBJC_IMPLICIT_RETAIN_SELF = YES;
				CLANG_WARN_OBJC_LITERAL_CONVERSION = YES;
				CLANG_WARN_OBJC_ROOT_CLASS = YES_ERROR;
				CLANG_WARN_QUOTED_INCLUDE_IN_FRAMEWORK_HEADER = YES;
				CLANG_WARN_RANGE_LOOP_ANALYSIS = YES;
				CLANG_WARN_STRICT_PROTOTYPES = YES;
				CLANG_WARN_SUSPICIOUS_MOVE = YES;
				CLANG_WARN_UNGUARDED_AVAILABILITY = YES_AGGRESSIVE;
				CLANG_WARN_UNREACHABLE_CODE = YES;
				CLANG_WARN__DUPLICATE_METHOD_MATCH = YES;
				COPY_PHASE_STRIP = NO;
				DEBUG_INFORMATION_FORMAT = dwarf;
				ENABLE_STRICT_OBJC_MSGSEND = YES;
				ENABLE_TESTABILITY = YES;
				GCC_C_LANGUAGE_STANDARD = gnu11;
				GCC_DYNAMIC_NO_PIC = NO;
				GCC_NO_COMMON_BLOCKS = YES;
				GCC_OPTIMIZATION_LEVEL = 0;
				GCC_PREPROCESSOR_DEFINITIONS = (
					"DEBUG=1",
					"$(inherited)",
				);
				GCC_WARN_64_TO_32_BIT_CONVERSION = YES;
				GCC_WARN_ABOUT_RETURN_TYPE = YES_ERROR;
				GCC_WARN_UNDECLARED_SELECTOR = YES;
				GCC_WARN_UNINITIALIZED_AUTOS = YES_AGGRESSIVE;
				GCC_WARN_UNUSED_FUNCTION = YES;
				GCC_WARN_UNUSED_VARIABLE = YES;
				IPHONEOS_DEPLOYMENT_TARGET = 14.5;
				MTL_ENABLE_DEBUG_INFO = INCLUDE_SOURCE;
				MTL_FAST_MATH = YES;
				ONLY_ACTIVE_ARCH = YES;
				SDKROOT = iphoneos;
				SWIFT_ACTIVE_COMPILATION_CONDITIONS = DEBUG;
				SWIFT_OPTIMIZATION_LEVEL = "-Onone";
			};
			name = Debug;
		};
		4E6864E726A96639003DD5A8 /* Release */ = {
			isa = XCBuildConfiguration;
			buildSettings = {
				ALWAYS_SEARCH_USER_PATHS = NO;
				CLANG_ANALYZER_NONNULL = YES;
				CLANG_ANALYZER_NUMBER_OBJECT_CONVERSION = YES_AGGRESSIVE;
				CLANG_CXX_LANGUAGE_STANDARD = "gnu++14";
				CLANG_CXX_LIBRARY = "libc++";
				CLANG_ENABLE_MODULES = YES;
				CLANG_ENABLE_OBJC_ARC = YES;
				CLANG_ENABLE_OBJC_WEAK = YES;
				CLANG_WARN_BLOCK_CAPTURE_AUTORELEASING = YES;
				CLANG_WARN_BOOL_CONVERSION = YES;
				CLANG_WARN_COMMA = YES;
				CLANG_WARN_CONSTANT_CONVERSION = YES;
				CLANG_WARN_DEPRECATED_OBJC_IMPLEMENTATIONS = YES;
				CLANG_WARN_DIRECT_OBJC_ISA_USAGE = YES_ERROR;
				CLANG_WARN_DOCUMENTATION_COMMENTS = YES;
				CLANG_WARN_EMPTY_BODY = YES;
				CLANG_WARN_ENUM_CONVERSION = YES;
				CLANG_WARN_INFINITE_RECURSION = YES;
				CLANG_WARN_INT_CONVERSION = YES;
				CLANG_WARN_NON_LITERAL_NULL_CONVERSION = YES;
				CLANG_WARN_OBJC_IMPLICIT_RETAIN_SELF = YES;
				CLANG_WARN_OBJC_LITERAL_CONVERSION = YES;
				CLANG_WARN_OBJC_ROOT_CLASS = YES_ERROR;
				CLANG_WARN_QUOTED_INCLUDE_IN_FRAMEWORK_HEADER = YES;
				CLANG_WARN_RANGE_LOOP_ANALYSIS = YES;
				CLANG_WARN_STRICT_PROTOTYPES = YES;
				CLANG_WARN_SUSPICIOUS_MOVE = YES;
				CLANG_WARN_UNGUARDED_AVAILABILITY = YES_AGGRESSIVE;
				CLANG_WARN_UNREACHABLE_CODE = YES;
				CLANG_WARN__DUPLICATE_METHOD_MATCH = YES;
				COPY_PHASE_STRIP = NO;
				DEBUG_INFORMATION_FORMAT = "dwarf-with-dsym";
				ENABLE_NS_ASSERTIONS = NO;
				ENABLE_STRICT_OBJC_MSGSEND = YES;
				GCC_C_LANGUAGE_STANDARD = gnu11;
				GCC_NO_COMMON_BLOCKS = YES;
				GCC_WARN_64_TO_32_BIT_CONVERSION = YES;
				GCC_WARN_ABOUT_RETURN_TYPE = YES_ERROR;
				GCC_WARN_UNDECLARED_SELECTOR = YES;
				GCC_WARN_UNINITIALIZED_AUTOS = YES_AGGRESSIVE;
				GCC_WARN_UNUSED_FUNCTION = YES;
				GCC_WARN_UNUSED_VARIABLE = YES;
				IPHONEOS_DEPLOYMENT_TARGET = 14.5;
				MTL_ENABLE_DEBUG_INFO = NO;
				MTL_FAST_MATH = YES;
				SDKROOT = iphoneos;
				SWIFT_COMPILATION_MODE = wholemodule;
				SWIFT_OPTIMIZATION_LEVEL = "-O";
				VALIDATE_PRODUCT = YES;
			};
			name = Release;
		};
		4E6864E926A96639003DD5A8 /* Debug */ = {
			isa = XCBuildConfiguration;
			baseConfigurationReference = 53349AACC017A7BE0BAF0E40 /* Pods-Airvironment.debug.xcconfig */;
			buildSettings = {
				ASSETCATALOG_COMPILER_APPICON_NAME = AppIcon;
				ASSETCATALOG_COMPILER_GLOBAL_ACCENT_COLOR_NAME = AccentColor;
				CODE_SIGN_STYLE = Automatic;
				INFOPLIST_FILE = Airvironment/Info.plist;
				LD_RUNPATH_SEARCH_PATHS = (
					"$(inherited)",
					"@executable_path/Frameworks",
				);
				PRODUCT_BUNDLE_IDENTIFIER = rs.rbt.internship.Airvironment;
				PRODUCT_NAME = "$(TARGET_NAME)";
				SWIFT_VERSION = 5.0;
				TARGETED_DEVICE_FAMILY = "1,2";
			};
			name = Debug;
		};
		4E6864EA26A96639003DD5A8 /* Release */ = {
			isa = XCBuildConfiguration;
			baseConfigurationReference = 9E06D5912D6313B560303BC9 /* Pods-Airvironment.release.xcconfig */;
			buildSettings = {
				ASSETCATALOG_COMPILER_APPICON_NAME = AppIcon;
				ASSETCATALOG_COMPILER_GLOBAL_ACCENT_COLOR_NAME = AccentColor;
				CODE_SIGN_STYLE = Automatic;
				INFOPLIST_FILE = Airvironment/Info.plist;
				LD_RUNPATH_SEARCH_PATHS = (
					"$(inherited)",
					"@executable_path/Frameworks",
				);
				PRODUCT_BUNDLE_IDENTIFIER = rs.rbt.internship.Airvironment;
				PRODUCT_NAME = "$(TARGET_NAME)";
				SWIFT_VERSION = 5.0;
				TARGETED_DEVICE_FAMILY = "1,2";
			};
			name = Release;
		};
/* End XCBuildConfiguration section */

/* Begin XCConfigurationList section */
		4E6864CF26A96638003DD5A8 /* Build configuration list for PBXProject "Airvironment" */ = {
			isa = XCConfigurationList;
			buildConfigurations = (
				4E6864E626A96639003DD5A8 /* Debug */,
				4E6864E726A96639003DD5A8 /* Release */,
			);
			defaultConfigurationIsVisible = 0;
			defaultConfigurationName = Release;
		};
		4E6864E826A96639003DD5A8 /* Build configuration list for PBXNativeTarget "Airvironment" */ = {
			isa = XCConfigurationList;
			buildConfigurations = (
				4E6864E926A96639003DD5A8 /* Debug */,
				4E6864EA26A96639003DD5A8 /* Release */,
			);
			defaultConfigurationIsVisible = 0;
			defaultConfigurationName = Release;
		};
/* End XCConfigurationList section */
	};
	rootObject = 4E6864CC26A96638003DD5A8 /* Project object */;
}
